
Microsoft Visual Studio Solution File, Format Version 12.00
# Visual Studio Version 17
VisualStudioVersion = 17.12.35707.178
MinimumVisualStudioVersion = 10.0.40219.1
Project("{2150E333-8FDC-42A3-9474-1A3956D46DE8}") = "Task0", "Task0", "{0A051BCF-6ECB-49D2-B661-9841602913C2}"
EndProject
Project("{FAE04EC0-301F-11D3-BF4B-00C04F79EFBC}") = "Tyuiu.FendelNS.Task0.V0", "Tyuiu.FendelNS.Task0.V0\Tyuiu.FendelNS.Task0.V0.csproj", "{58D3DC37-BE01-4BAB-A223-9FCB9CB6D9FB}"
EndProject
Project("{2150E333-8FDC-42A3-9474-1A3956D46DE8}") = "Task1", "Task1", "{3694F4AC-4725-4CB2-B35D-A44704304E91}"
EndProject
Project("{FAE04EC0-301F-11D3-BF4B-00C04F79EFBC}") = "Tyuiu.FendelNS.Sprint0.Task1.V0", "Tyuiu.FendelNS.Sprint0.Task1.V0\Tyuiu.FendelNS.Sprint0.Task1.V0.csproj", "{5F88CBD0-2398-47D6-AA11-7B44418B13EA}"
EndProject
Project("{2150E333-8FDC-42A3-9474-1A3956D46DE8}") = "Task2", "Task2", "{90043186-ED38-410E-AD35-E157A2081DB1}"
EndProject
Project("{FAE04EC0-301F-11D3-BF4B-00C04F79EFBC}") = "Tyuiu.FendelNS.Sprint0.Task2.V0", "Tyuiu.FendelNS.Sprint0.Task2.V0\Tyuiu.FendelNS.Sprint0.Task2.V0.csproj", "{ACC27417-E056-471D-9554-7F32D7AD3A04}"
EndProject
Project("{FAE04EC0-301F-11D3-BF4B-00C04F79EFBC}") = "Tyuiu.FendelNS.Sprint0.Task2.V0.Lib", "Tyuiu.FendelNS.Sprint0.Task2.V0.Lib\Tyuiu.FendelNS.Sprint0.Task2.V0.Lib.csproj", "{F14BC901-7B62-449A-ACEB-C71D3F50AB9B}"
EndProject
Project("{FAE04EC0-301F-11D3-BF4B-00C04F79EFBC}") = "Tyuiu.FendelNS.Sprint0.Task2.V0.Test", "Tyuiu.FendelNS.Sprint0.Task2.V0.Test\Tyuiu.FendelNS.Sprint0.Task2.V0.Test.csproj", "{6C951646-AD34-4442-A2B9-4344E83CD6F5}"
EndProject
Project("{2150E333-8FDC-42A3-9474-1A3956D46DE8}") = "Task3", "Task3", "{DB337976-5E1D-4734-9EBE-B4DC7C02DA7C}"
EndProject
Project("{FAE04EC0-301F-11D3-BF4B-00C04F79EFBC}") = "Tyuiu.FendelNS.Sprint0.Task3.V0", "Tyuiu.FendelNS.Sprint0.Task3.V0\Tyuiu.FendelNS.Sprint0.Task3.V0.csproj", "{3B01605F-65F8-462D-970C-ADE4E27E14E4}"
EndProject
Project("{FAE04EC0-301F-11D3-BF4B-00C04F79EFBC}") = "Tyuiu.FendelNS.Sprint0.Task3.V0.Lib", "Tyuiu.FendelNS.Sprint0.Task3.V0.Lib\Tyuiu.FendelNS.Sprint0.Task3.V0.Lib.csproj", "{D9DF0684-32CD-403D-9373-D6FBB5833C1D}"
EndProject
Project("{FAE04EC0-301F-11D3-BF4B-00C04F79EFBC}") = "Tyuiu.FendelNS.Sprint0.Task3.V0.Test", "Tyuiu.FendelNS.Sprint0.Task3.V0.Test\Tyuiu.FendelNS.Sprint0.Task3.V0.Test.csproj", "{6651E006-BF36-4DD9-9E14-36890176175A}"
EndProject
Project("{2150E333-8FDC-42A3-9474-1A3956D46DE8}") = "Task4", "Task4", "{B309D826-8172-43D5-AEC8-37A29842D9D4}"
EndProject
Project("{FAE04EC0-301F-11D3-BF4B-00C04F79EFBC}") = "Tyuiu.FendelNS.Sprint0.Task4.V0", "Tyuiu.FendelNS.Sprint0.Task4.V0\Tyuiu.FendelNS.Sprint0.Task4.V0.csproj", "{5E012513-FD00-44F1-9CDF-B9DE5F8738BF}"
EndProject
Project("{FAE04EC0-301F-11D3-BF4B-00C04F79EFBC}") = "Tyuiu.FendelNS.Sprint0.Task4.V0.Lib", "Tyuiu.FendelNS.Sprint0.Task4.V0.Lib\Tyuiu.FendelNS.Sprint0.Task4.V0.Lib.csproj", "{00C7FBFE-1732-4B42-B995-B5640FCF27B5}"
EndProject
Project("{FAE04EC0-301F-11D3-BF4B-00C04F79EFBC}") = "Tyuiu.FendelNS.Sprint0.Task4.V0.Test", "Tyuiu.FendelNS.Sprint0.Task4.V0.Test\Tyuiu.FendelNS.Sprint0.Task4.V0.Test.csproj", "{8AF025A4-A913-4539-B7DE-5709B59930E8}"
EndProject
Project("{2150E333-8FDC-42A3-9474-1A3956D46DE8}") = "Task5", "Task5", "{1B657A87-0B3F-426C-8E14-2550E017A1F7}"
EndProject
Project("{FAE04EC0-301F-11D3-BF4B-00C04F79EFBC}") = "Tyuiu.FendelNS.Sprint0.Task5.V0", "Tyuiu.FendelNS.Sprint0.Task5.V0\Tyuiu.FendelNS.Sprint0.Task5.V0.csproj", "{23C8DFA6-DFB6-4098-9F0E-E5CA0326EF39}"
EndProject
Project("{FAE04EC0-301F-11D3-BF4B-00C04F79EFBC}") = "Tyuiu.FendelNS.Sprint0.Task5.V0.Lib", "Tyuiu.FendelNS.Sprint0.Task5.V0.Lib\Tyuiu.FendelNS.Sprint0.Task5.V0.Lib.csproj", "{EB771E03-A8B7-43BE-9440-FC03F14202E1}"
EndProject
Project("{FAE04EC0-301F-11D3-BF4B-00C04F79EFBC}") = "Tyuiu.FendelNS.Sprint0.Task5.V0.Test", "Tyuiu.FendelNS.Sprint0.Task5.V0.Test\Tyuiu.FendelNS.Sprint0.Task5.V0.Test.csproj", "{38780E08-9072-4F26-9BFA-DA2D361A7450}"
EndProject
Project("{2150E333-8FDC-42A3-9474-1A3956D46DE8}") = "Task6", "Task6", "{1DDB3421-F6D8-483F-AA28-DB017493B86D}"
EndProject
Project("{FAE04EC0-301F-11D3-BF4B-00C04F79EFBC}") = "Tyuiu.FendelNS.Sprint0.Task6.V0", "Tyuiu.FendelNS.Sprint0.Task6.V0\Tyuiu.FendelNS.Sprint0.Task6.V0.csproj", "{A61E89FE-1269-4F6C-B669-002B2456F371}"
EndProject
Project("{FAE04EC0-301F-11D3-BF4B-00C04F79EFBC}") = "Tyuiu.FendelNS.Sprint0.Task6.V0.Lib", "Tyuiu.FendelNS.Sprint0.Task6.V0.Lib\Tyuiu.FendelNS.Sprint0.Task6.V0.Lib.csproj", "{ACD80AF5-086A-4606-A450-0402B6466452}"
EndProject
Project("{FAE04EC0-301F-11D3-BF4B-00C04F79EFBC}") = "Tyuiu.FendelNS.Sprint0.Task6.V0.Test", "Tyuiu.FendelNS.Sprint0.Task6.V0.Test\Tyuiu.FendelNS.Sprint0.Task6.V0.Test.csproj", "{E29A3941-11C7-4849-B026-B13E1E961247}"
EndProject
Global
	GlobalSection(SolutionConfigurationPlatforms) = preSolution
		Debug|Any CPU = Debug|Any CPU
		Release|Any CPU = Release|Any CPU
	EndGlobalSection
	GlobalSection(ProjectConfigurationPlatforms) = postSolution
		{58D3DC37-BE01-4BAB-A223-9FCB9CB6D9FB}.Debug|Any CPU.ActiveCfg = Debug|Any CPU
		{58D3DC37-BE01-4BAB-A223-9FCB9CB6D9FB}.Debug|Any CPU.Build.0 = Debug|Any CPU
		{58D3DC37-BE01-4BAB-A223-9FCB9CB6D9FB}.Release|Any CPU.ActiveCfg = Release|Any CPU
		{58D3DC37-BE01-4BAB-A223-9FCB9CB6D9FB}.Release|Any CPU.Build.0 = Release|Any CPU
		{5F88CBD0-2398-47D6-AA11-7B44418B13EA}.Debug|Any CPU.ActiveCfg = Debug|Any CPU
		{5F88CBD0-2398-47D6-AA11-7B44418B13EA}.Debug|Any CPU.Build.0 = Debug|Any CPU
		{5F88CBD0-2398-47D6-AA11-7B44418B13EA}.Release|Any CPU.ActiveCfg = Release|Any CPU
		{5F88CBD0-2398-47D6-AA11-7B44418B13EA}.Release|Any CPU.Build.0 = Release|Any CPU
		{ACC27417-E056-471D-9554-7F32D7AD3A04}.Debug|Any CPU.ActiveCfg = Debug|Any CPU
		{ACC27417-E056-471D-9554-7F32D7AD3A04}.Debug|Any CPU.Build.0 = Debug|Any CPU
		{ACC27417-E056-471D-9554-7F32D7AD3A04}.Release|Any CPU.ActiveCfg = Release|Any CPU
		{ACC27417-E056-471D-9554-7F32D7AD3A04}.Release|Any CPU.Build.0 = Release|Any CPU
		{F14BC901-7B62-449A-ACEB-C71D3F50AB9B}.Debug|Any CPU.ActiveCfg = Debug|Any CPU
		{F14BC901-7B62-449A-ACEB-C71D3F50AB9B}.Debug|Any CPU.Build.0 = Debug|Any CPU
		{F14BC901-7B62-449A-ACEB-C71D3F50AB9B}.Release|Any CPU.ActiveCfg = Release|Any CPU
		{F14BC901-7B62-449A-ACEB-C71D3F50AB9B}.Release|Any CPU.Build.0 = Release|Any CPU
		{6C951646-AD34-4442-A2B9-4344E83CD6F5}.Debug|Any CPU.ActiveCfg = Debug|Any CPU
		{6C951646-AD34-4442-A2B9-4344E83CD6F5}.Debug|Any CPU.Build.0 = Debug|Any CPU
		{6C951646-AD34-4442-A2B9-4344E83CD6F5}.Release|Any CPU.ActiveCfg = Release|Any CPU
		{6C951646-AD34-4442-A2B9-4344E83CD6F5}.Release|Any CPU.Build.0 = Release|Any CPU
		{3B01605F-65F8-462D-970C-ADE4E27E14E4}.Debug|Any CPU.ActiveCfg = Debug|Any CPU
		{3B01605F-65F8-462D-970C-ADE4E27E14E4}.Debug|Any CPU.Build.0 = Debug|Any CPU
		{3B01605F-65F8-462D-970C-ADE4E27E14E4}.Release|Any CPU.ActiveCfg = Release|Any CPU
		{3B01605F-65F8-462D-970C-ADE4E27E14E4}.Release|Any CPU.Build.0 = Release|Any CPU
		{D9DF0684-32CD-403D-9373-D6FBB5833C1D}.Debug|Any CPU.ActiveCfg = Debug|Any CPU
		{D9DF0684-32CD-403D-9373-D6FBB5833C1D}.Debug|Any CPU.Build.0 = Debug|Any CPU
		{D9DF0684-32CD-403D-9373-D6FBB5833C1D}.Release|Any CPU.ActiveCfg = Release|Any CPU
		{D9DF0684-32CD-403D-9373-D6FBB5833C1D}.Release|Any CPU.Build.0 = Release|Any CPU
		{6651E006-BF36-4DD9-9E14-36890176175A}.Debug|Any CPU.ActiveCfg = Debug|Any CPU
		{6651E006-BF36-4DD9-9E14-36890176175A}.Debug|Any CPU.Build.0 = Debug|Any CPU
		{6651E006-BF36-4DD9-9E14-36890176175A}.Release|Any CPU.ActiveCfg = Release|Any CPU
		{6651E006-BF36-4DD9-9E14-36890176175A}.Release|Any CPU.Build.0 = Release|Any CPU
		{5E012513-FD00-44F1-9CDF-B9DE5F8738BF}.Debug|Any CPU.ActiveCfg = Debug|Any CPU
		{5E012513-FD00-44F1-9CDF-B9DE5F8738BF}.Debug|Any CPU.Build.0 = Debug|Any CPU
		{5E012513-FD00-44F1-9CDF-B9DE5F8738BF}.Release|Any CPU.ActiveCfg = Release|Any CPU
		{5E012513-FD00-44F1-9CDF-B9DE5F8738BF}.Release|Any CPU.Build.0 = Release|Any CPU
		{00C7FBFE-1732-4B42-B995-B5640FCF27B5}.Debug|Any CPU.ActiveCfg = Debug|Any CPU
		{00C7FBFE-1732-4B42-B995-B5640FCF27B5}.Debug|Any CPU.Build.0 = Debug|Any CPU
		{00C7FBFE-1732-4B42-B995-B5640FCF27B5}.Release|Any CPU.ActiveCfg = Release|Any CPU
		{00C7FBFE-1732-4B42-B995-B5640FCF27B5}.Release|Any CPU.Build.0 = Release|Any CPU
		{8AF025A4-A913-4539-B7DE-5709B59930E8}.Debug|Any CPU.ActiveCfg = Debug|Any CPU
		{8AF025A4-A913-4539-B7DE-5709B59930E8}.Debug|Any CPU.Build.0 = Debug|Any CPU
		{8AF025A4-A913-4539-B7DE-5709B59930E8}.Release|Any CPU.ActiveCfg = Release|Any CPU
		{8AF025A4-A913-4539-B7DE-5709B59930E8}.Release|Any CPU.Build.0 = Release|Any CPU
		{23C8DFA6-DFB6-4098-9F0E-E5CA0326EF39}.Debug|Any CPU.ActiveCfg = Debug|Any CPU
		{23C8DFA6-DFB6-4098-9F0E-E5CA0326EF39}.Debug|Any CPU.Build.0 = Debug|Any CPU
		{23C8DFA6-DFB6-4098-9F0E-E5CA0326EF39}.Release|Any CPU.ActiveCfg = Release|Any CPU
		{23C8DFA6-DFB6-4098-9F0E-E5CA0326EF39}.Release|Any CPU.Build.0 = Release|Any CPU
		{EB771E03-A8B7-43BE-9440-FC03F14202E1}.Debug|Any CPU.ActiveCfg = Debug|Any CPU
		{EB771E03-A8B7-43BE-9440-FC03F14202E1}.Debug|Any CPU.Build.0 = Debug|Any CPU
		{EB771E03-A8B7-43BE-9440-FC03F14202E1}.Release|Any CPU.ActiveCfg = Release|Any CPU
		{EB771E03-A8B7-43BE-9440-FC03F14202E1}.Release|Any CPU.Build.0 = Release|Any CPU
		{38780E08-9072-4F26-9BFA-DA2D361A7450}.Debug|Any CPU.ActiveCfg = Debug|Any CPU
		{38780E08-9072-4F26-9BFA-DA2D361A7450}.Debug|Any CPU.Build.0 = Debug|Any CPU
		{38780E08-9072-4F26-9BFA-DA2D361A7450}.Release|Any CPU.ActiveCfg = Release|Any CPU
		{38780E08-9072-4F26-9BFA-DA2D361A7450}.Release|Any CPU.Build.0 = Release|Any CPU
		{A61E89FE-1269-4F6C-B669-002B2456F371}.Debug|Any CPU.ActiveCfg = Debug|Any CPU
		{A61E89FE-1269-4F6C-B669-002B2456F371}.Debug|Any CPU.Build.0 = Debug|Any CPU
		{A61E89FE-1269-4F6C-B669-002B2456F371}.Release|Any CPU.ActiveCfg = Release|Any CPU
		{A61E89FE-1269-4F6C-B669-002B2456F371}.Release|Any CPU.Build.0 = Release|Any CPU
		{ACD80AF5-086A-4606-A450-0402B6466452}.Debug|Any CPU.ActiveCfg = Debug|Any CPU
		{ACD80AF5-086A-4606-A450-0402B6466452}.Debug|Any CPU.Build.0 = Debug|Any CPU
		{ACD80AF5-086A-4606-A450-0402B6466452}.Release|Any CPU.ActiveCfg = Release|Any CPU
		{ACD80AF5-086A-4606-A450-0402B6466452}.Release|Any CPU.Build.0 = Release|Any CPU
		{E29A3941-11C7-4849-B026-B13E1E961247}.Debug|Any CPU.ActiveCfg = Debug|Any CPU
		{E29A3941-11C7-4849-B026-B13E1E961247}.Debug|Any CPU.Build.0 = Debug|Any CPU
		{E29A3941-11C7-4849-B026-B13E1E961247}.Release|Any CPU.ActiveCfg = Release|Any CPU
		{E29A3941-11C7-4849-B026-B13E1E961247}.Release|Any CPU.Build.0 = Release|Any CPU
	EndGlobalSection
	GlobalSection(SolutionProperties) = preSolution
		HideSolutionNode = FALSE
	EndGlobalSection
	GlobalSection(NestedProjects) = preSolution
		{58D3DC37-BE01-4BAB-A223-9FCB9CB6D9FB} = {0A051BCF-6ECB-49D2-B661-9841602913C2}
		{5F88CBD0-2398-47D6-AA11-7B44418B13EA} = {3694F4AC-4725-4CB2-B35D-A44704304E91}
		{ACC27417-E056-471D-9554-7F32D7AD3A04} = {90043186-ED38-410E-AD35-E157A2081DB1}
		{F14BC901-7B62-449A-ACEB-C71D3F50AB9B} = {90043186-ED38-410E-AD35-E157A2081DB1}
		{6C951646-AD34-4442-A2B9-4344E83CD6F5} = {90043186-ED38-410E-AD35-E157A2081DB1}
		{3B01605F-65F8-462D-970C-ADE4E27E14E4} = {DB337976-5E1D-4734-9EBE-B4DC7C02DA7C}
		{D9DF0684-32CD-403D-9373-D6FBB5833C1D} = {DB337976-5E1D-4734-9EBE-B4DC7C02DA7C}
		{6651E006-BF36-4DD9-9E14-36890176175A} = {DB337976-5E1D-4734-9EBE-B4DC7C02DA7C}
		{5E012513-FD00-44F1-9CDF-B9DE5F8738BF} = {B309D826-8172-43D5-AEC8-37A29842D9D4}
		{00C7FBFE-1732-4B42-B995-B5640FCF27B5} = {B309D826-8172-43D5-AEC8-37A29842D9D4}
		{8AF025A4-A913-4539-B7DE-5709B59930E8} = {B309D826-8172-43D5-AEC8-37A29842D9D4}
		{23C8DFA6-DFB6-4098-9F0E-E5CA0326EF39} = {1B657A87-0B3F-426C-8E14-2550E017A1F7}
		{EB771E03-A8B7-43BE-9440-FC03F14202E1} = {1B657A87-0B3F-426C-8E14-2550E017A1F7}
		{38780E08-9072-4F26-9BFA-DA2D361A7450} = {1B657A87-0B3F-426C-8E14-2550E017A1F7}
		{A61E89FE-1269-4F6C-B669-002B2456F371} = {1DDB3421-F6D8-483F-AA28-DB017493B86D}
		{ACD80AF5-086A-4606-A450-0402B6466452} = {1DDB3421-F6D8-483F-AA28-DB017493B86D}
		{E29A3941-11C7-4849-B026-B13E1E961247} = {1DDB3421-F6D8-483F-AA28-DB017493B86D}
	EndGlobalSection
EndGlobal
