
Microsoft Visual Studio Solution File, Format Version 12.00
# Visual Studio Version 17
VisualStudioVersion = 17.12.35707.178
MinimumVisualStudioVersion = 10.0.40219.1
Project("{2150E333-8FDC-42A3-9474-1A3956D46DE8}") = "Task0", "Task0", "{0A051BCF-6ECB-49D2-B661-9841602913C2}"
EndProject
Project("{FAE04EC0-301F-11D3-BF4B-00C04F79EFBC}") = "Tyuiu.FendelNS.Task0.V0", "Tyuiu.FendelNS.Task0.V0\Tyuiu.FendelNS.Task0.V0.csproj", "{58D3DC37-BE01-4BAB-A223-9FCB9CB6D9FB}"
EndProject
Project("{2150E333-8FDC-42A3-9474-1A3956D46DE8}") = "Task1", "Task1", "{3694F4AC-4725-4CB2-B35D-A44704304E91}"
EndProject
Project("{FAE04EC0-301F-11D3-BF4B-00C04F79EFBC}") = "Tyuiu.FendelNS.Sprint0.Task1.V0", "Tyuiu.FendelNS.Sprint0.Task1.V0\Tyuiu.FendelNS.Sprint0.Task1.V0.csproj", "{5F88CBD0-2398-47D6-AA11-7B44418B13EA}"
EndProject
Project("{2150E333-8FDC-42A3-9474-1A3956D46DE8}") = "Task2", "Task2", "{90043186-ED38-410E-AD35-E157A2081DB1}"
EndProject
Project("{FAE04EC0-301F-11D3-BF4B-00C04F79EFBC}") = "Tyuiu.FendelNS.Sprint0.Task2.V0", "Tyuiu.FendelNS.Sprint0.Task2.V0\Tyuiu.FendelNS.Sprint0.Task2.V0.csproj", "{ACC27417-E056-471D-9554-7F32D7AD3A04}"
EndProject
Project("{FAE04EC0-301F-11D3-BF4B-00C04F79EFBC}") = "Tyuiu.FendelNS.Sprint0.Task2.V0.Lib", "Tyuiu.FendelNS.Sprint0.Task2.V0.Lib\Tyuiu.FendelNS.Sprint0.Task2.V0.Lib.csproj", "{F14BC901-7B62-449A-ACEB-C71D3F50AB9B}"
EndProject
Project("{FAE04EC0-301F-11D3-BF4B-00C04F79EFBC}") = "Tyuiu.FendelNS.Sprint0.Task2.V0.Test", "Tyuiu.FendelNS.Sprint0.Task2.V0.Test\Tyuiu.FendelNS.Sprint0.Task2.V0.Test.csproj", "{6C951646-AD34-4442-A2B9-4344E83CD6F5}"
EndProject
Project("{2150E333-8FDC-42A3-9474-1A3956D46DE8}") = "Task3", "Task3", "{DB337976-5E1D-4734-9EBE-B4DC7C02DA7C}"
EndProject
Project("{FAE04EC0-301F-11D3-BF4B-00C04F79EFBC}") = "Tyuiu.FendelNS.Sprint0.Task3.V0", "Tyuiu.FendelNS.Sprint0.Task3.V0\Tyuiu.FendelNS.Sprint0.Task3.V0.csproj", "{3B01605F-65F8-462D-970C-ADE4E27E14E4}"
EndProject
Project("{FAE04EC0-301F-11D3-BF4B-00C04F79EFBC}") = "Tyuiu.FendelNS.Sprint0.Task3.V0.Lib", "Tyuiu.FendelNS.Sprint0.Task3.V0.Lib\Tyuiu.FendelNS.Sprint0.Task3.V0.Lib.csproj", "{D9DF0684-32CD-403D-9373-D6FBB5833C1D}"
EndProject
Project("{FAE04EC0-301F-11D3-BF4B-00C04F79EFBC}") = "Tyuiu.FendelNS.Sprint0.Task3.V0.Test", "Tyuiu.FendelNS.Sprint0.Task3.V0.Test\Tyuiu.FendelNS.Sprint0.Task3.V0.Test.csproj", "{6651E006-BF36-4DD9-9E14-36890176175A}"
EndProject
Global
	GlobalSection(SolutionConfigurationPlatforms) = preSolution
		Debug|Any CPU = Debug|Any CPU
		Release|Any CPU = Release|Any CPU
	EndGlobalSection
	GlobalSection(ProjectConfigurationPlatforms) = postSolution
		{58D3DC37-BE01-4BAB-A223-9FCB9CB6D9FB}.Debug|Any CPU.ActiveCfg = Debug|Any CPU
		{58D3DC37-BE01-4BAB-A223-9FCB9CB6D9FB}.Debug|Any CPU.Build.0 = Debug|Any CPU
		{58D3DC37-BE01-4BAB-A223-9FCB9CB6D9FB}.Release|Any CPU.ActiveCfg = Release|Any CPU
		{58D3DC37-BE01-4BAB-A223-9FCB9CB6D9FB}.Release|Any CPU.Build.0 = Release|Any CPU
		{5F88CBD0-2398-47D6-AA11-7B44418B13EA}.Debug|Any CPU.ActiveCfg = Debug|Any CPU
		{5F88CBD0-2398-47D6-AA11-7B44418B13EA}.Debug|Any CPU.Build.0 = Debug|Any CPU
		{5F88CBD0-2398-47D6-AA11-7B44418B13EA}.Release|Any CPU.ActiveCfg = Release|Any CPU
		{5F88CBD0-2398-47D6-AA11-7B44418B13EA}.Release|Any CPU.Build.0 = Release|Any CPU
		{ACC27417-E056-471D-9554-7F32D7AD3A04}.Debug|Any CPU.ActiveCfg = Debug|Any CPU
		{ACC27417-E056-471D-9554-7F32D7AD3A04}.Debug|Any CPU.Build.0 = Debug|Any CPU
		{ACC27417-E056-471D-9554-7F32D7AD3A04}.Release|Any CPU.ActiveCfg = Release|Any CPU
		{ACC27417-E056-471D-9554-7F32D7AD3A04}.Release|Any CPU.Build.0 = Release|Any CPU
		{F14BC901-7B62-449A-ACEB-C71D3F50AB9B}.Debug|Any CPU.ActiveCfg = Debug|Any CPU
		{F14BC901-7B62-449A-ACEB-C71D3F50AB9B}.Debug|Any CPU.Build.0 = Debug|Any CPU
		{F14BC901-7B62-449A-ACEB-C71D3F50AB9B}.Release|Any CPU.ActiveCfg = Release|Any CPU
		{F14BC901-7B62-449A-ACEB-C71D3F50AB9B}.Release|Any CPU.Build.0 = Release|Any CPU
		{6C951646-AD34-4442-A2B9-4344E83CD6F5}.Debug|Any CPU.ActiveCfg = Debug|Any CPU
		{6C951646-AD34-4442-A2B9-4344E83CD6F5}.Debug|Any CPU.Build.0 = Debug|Any CPU
		{6C951646-AD34-4442-A2B9-4344E83CD6F5}.Release|Any CPU.ActiveCfg = Release|Any CPU
		{6C951646-AD34-4442-A2B9-4344E83CD6F5}.Release|Any CPU.Build.0 = Release|Any CPU
		{3B01605F-65F8-462D-970C-ADE4E27E14E4}.Debug|Any CPU.ActiveCfg = Debug|Any CPU
		{3B01605F-65F8-462D-970C-ADE4E27E14E4}.Debug|Any CPU.Build.0 = Debug|Any CPU
		{3B01605F-65F8-462D-970C-ADE4E27E14E4}.Release|Any CPU.ActiveCfg = Release|Any CPU
		{3B01605F-65F8-462D-970C-ADE4E27E14E4}.Release|Any CPU.Build.0 = Release|Any CPU
		{D9DF0684-32CD-403D-9373-D6FBB5833C1D}.Debug|Any CPU.ActiveCfg = Debug|Any CPU
		{D9DF0684-32CD-403D-9373-D6FBB5833C1D}.Debug|Any CPU.Build.0 = Debug|Any CPU
		{D9DF0684-32CD-403D-9373-D6FBB5833C1D}.Release|Any CPU.ActiveCfg = Release|Any CPU
		{D9DF0684-32CD-403D-9373-D6FBB5833C1D}.Release|Any CPU.Build.0 = Release|Any CPU
		{6651E006-BF36-4DD9-9E14-36890176175A}.Debug|Any CPU.ActiveCfg = Debug|Any CPU
		{6651E006-BF36-4DD9-9E14-36890176175A}.Debug|Any CPU.Build.0 = Debug|Any CPU
		{6651E006-BF36-4DD9-9E14-36890176175A}.Release|Any CPU.ActiveCfg = Release|Any CPU
		{6651E006-BF36-4DD9-9E14-36890176175A}.Release|Any CPU.Build.0 = Release|Any CPU
	EndGlobalSection
	GlobalSection(SolutionProperties) = preSolution
		HideSolutionNode = FALSE
	EndGlobalSection
	GlobalSection(NestedProjects) = preSolution
		{58D3DC37-BE01-4BAB-A223-9FCB9CB6D9FB} = {0A051BCF-6ECB-49D2-B661-9841602913C2}
		{5F88CBD0-2398-47D6-AA11-7B44418B13EA} = {3694F4AC-4725-4CB2-B35D-A44704304E91}
		{ACC27417-E056-471D-9554-7F32D7AD3A04} = {90043186-ED38-410E-AD35-E157A2081DB1}
		{F14BC901-7B62-449A-ACEB-C71D3F50AB9B} = {90043186-ED38-410E-AD35-E157A2081DB1}
		{6C951646-AD34-4442-A2B9-4344E83CD6F5} = {90043186-ED38-410E-AD35-E157A2081DB1}
		{3B01605F-65F8-462D-970C-ADE4E27E14E4} = {DB337976-5E1D-4734-9EBE-B4DC7C02DA7C}
		{D9DF0684-32CD-403D-9373-D6FBB5833C1D} = {DB337976-5E1D-4734-9EBE-B4DC7C02DA7C}
		{6651E006-BF36-4DD9-9E14-36890176175A} = {DB337976-5E1D-4734-9EBE-B4DC7C02DA7C}
	EndGlobalSection
EndGlobal
